{
  "nodes": {
    "flake-utils": {
      "locked": {
        "lastModified": 1652774318,
        "narHash": "sha256-a2GM7Gk2exiVLn/AiVhy6oHJcifU/gDNHk2aKSYp/ok=",
        "owner": "numtide",
        "repo": "flake-utils",
        "rev": "a97445c4fcd22ca0d1d5a969972eb24bc819ff3a",
        "type": "github"
      },
      "original": {
        "owner": "numtide",
        "repo": "flake-utils",
        "type": "github"
      }
    },
    "nixpkgs": {
      "locked": {
        "lastModified": 1652739558,
        "narHash": "sha256-znGkjGugajqF/sFS+H4+ENmGTaVPFE0uu1JjQZJLEaQ=",
        "owner": "NixOS",
        "repo": "nixpkgs",
        "rev": "ff691ed9ba21528c1b4e034f36a04027e4522c58",
        "type": "github"
      },
      "original": {
        "owner": "NixOS",
        "ref": "nixos-unstable-small",
        "repo": "nixpkgs",
        "type": "github"
      }
    },
    "root": {
      "inputs": {
        "flake-utils": "flake-utils",
        "nixpkgs": "nixpkgs"
      }
    }
  },
  "root": "root",
  "version": 7
}
