# This file was autogenerated by Stack.
# You should not edit this file by hand.
# For more information, please see the documentation at:
#   https://docs.haskellstack.org/en/stable/lock_files

packages: []
snapshots:
- completed:
    size: 541423
    url: https://raw.githubusercontent.com/commercialhaskell/stackage-snapshots/master/nightly/2020/10/20.yaml
    sha256: 411bf54e219093376e8e14cfbffa8ab79fcb0cde17c50ecccbdeac2960051a2e
  original: nightly-2020-10-20
